
Microsoft Visual Studio Solution File, Format Version 12.00
# Visual Studio Version 16
VisualStudioVersion = 16.0.30225.117
MinimumVisualStudioVersion = 10.0.40219.1
Project("{FAE04EC0-301F-11D3-BF4B-00C04F79EFBC}") = "3ColsAPI", "3ColsAPI\3ColsAPI.csproj", "{600C2765-FCEA-4AFE-8F14-C7EE640440FE}"
EndProject
Global
	GlobalSection(SolutionConfigurationPlatforms) = preSolution
		Debug|Any CPU = Debug|Any CPU
		Release|Any CPU = Release|Any CPU
	EndGlobalSection
	GlobalSection(ProjectConfigurationPlatforms) = postSolution
		{600C2765-FCEA-4AFE-8F14-C7EE640440FE}.Debug|Any CPU.ActiveCfg = Debug|Any CPU
		{600C2765-FCEA-4AFE-8F14-C7EE640440FE}.Debug|Any CPU.Build.0 = Debug|Any CPU
		{600C2765-FCEA-4AFE-8F14-C7EE640440FE}.Release|Any CPU.ActiveCfg = Release|Any CPU
		{600C2765-FCEA-4AFE-8F14-C7EE640440FE}.Release|Any CPU.Build.0 = Release|Any CPU
	EndGlobalSection
	GlobalSection(SolutionProperties) = preSolution
		HideSolutionNode = FALSE
	EndGlobalSection
	GlobalSection(ExtensibilityGlobals) = postSolution
		SolutionGuid = {AD278766-730E-4C39-9802-DFC0F814391D}
	EndGlobalSection
EndGlobal
